// !$*UTF8*$!
{
	archiveVersion = 1;
	classes = {
	};
	objectVersion = 46;
	objects = {

/* Begin PBXBuildFile section */
		3C5BD1831A5761CF00C5E8CA /* main.m in Sources */ = {isa = PBXBuildFile; fileRef = 3C5BD1821A5761CF00C5E8CA /* main.m */; };
		3C5BD18A1A5761E300C5E8CA /* CoreWLAN.framework in Frameworks */ = {isa = PBXBuildFile; fileRef = 3C5BD1891A5761E300C5E8CA /* CoreWLAN.framework */; };
		3CC747921A583D0A00A332E2 /* CHCSVParser.m in Sources */ = {isa = PBXBuildFile; fileRef = 3CC747911A583D0A00A332E2 /* CHCSVParser.m */; };
		3CC747951A583D4500A332E2 /* PowerLogger.m in Sources */ = {isa = PBXBuildFile; fileRef = 3CC747941A583D4500A332E2 /* PowerLogger.m */; };
/* End PBXBuildFile section */

/* Begin PBXCopyFilesBuildPhase section */
		3C5BD17D1A5761CF00C5E8CA /* CopyFiles */ = {
			isa = PBXCopyFilesBuildPhase;
			buildActionMask = 2147483647;
			dstPath = /usr/share/man/man1/;
			dstSubfolderSpec = 0;
			files = (
			);
			runOnlyForDeploymentPostprocessing = 1;
		};
/* End PBXCopyFilesBuildPhase section */

/* Begin PBXFileReference section */
		3C5BD17F1A5761CF00C5E8CA /* PowerLogger */ = {isa = PBXFileReference; explicitFileType = "compiled.mach-o.executable"; includeInIndex = 0; path = PowerLogger; sourceTree = BUILT_PRODUCTS_DIR; };
		3C5BD1821A5761CF00C5E8CA /* main.m */ = {isa = PBXFileReference; lastKnownFileType = sourcecode.c.objc; path = main.m; sourceTree = "<group>"; };
		3C5BD1891A5761E300C5E8CA /* CoreWLAN.framework */ = {isa = PBXFileReference; lastKnownFileType = wrapper.framework; name = CoreWLAN.framework; path = System/Library/Frameworks/CoreWLAN.framework; sourceTree = SDKROOT; };
		3CC747901A583D0A00A332E2 /* CHCSVParser.h */ = {isa = PBXFileReference; fileEncoding = 4; lastKnownFileType = sourcecode.c.h; path = CHCSVParser.h; sourceTree = "<group>"; };
		3CC747911A583D0A00A332E2 /* CHCSVParser.m */ = {isa = PBXFileReference; fileEncoding = 4; lastKnownFileType = sourcecode.c.objc; path = CHCSVParser.m; sourceTree = "<group>"; };
		3CC747931A583D3100A332E2 /* PowerLogger.h */ = {isa = PBXFileReference; lastKnownFileType = sourcecode.c.h; path = PowerLogger.h; sourceTree = "<group>"; };
		3CC747941A583D4500A332E2 /* PowerLogger.m */ = {isa = PBXFileReference; fileEncoding = 4; lastKnownFileType = sourcecode.c.objc; path = PowerLogger.m; sourceTree = "<group>"; };
/* End PBXFileReference section */

/* Begin PBXFrameworksBuildPhase section */
		3C5BD17C1A5761CF00C5E8CA /* Frameworks */ = {
			isa = PBXFrameworksBuildPhase;
			buildActionMask = 2147483647;
			files = (
				3C5BD18A1A5761E300C5E8CA /* CoreWLAN.framework in Frameworks */,
			);
			runOnlyForDeploymentPostprocessing = 0;
		};
/* End PBXFrameworksBuildPhase section */

/* Begin PBXGroup section */
		3C5BD1761A5761CF00C5E8CA = {
			isa = PBXGroup;
			children = (
				3C5BD1891A5761E300C5E8CA /* CoreWLAN.framework */,
				3C5BD1811A5761CF00C5E8CA /* PowerLogger */,
				3C5BD1801A5761CF00C5E8CA /* Products */,
			);
			sourceTree = "<group>";
		};
		3C5BD1801A5761CF00C5E8CA /* Products */ = {
			isa = PBXGroup;
			children = (
				3C5BD17F1A5761CF00C5E8CA /* PowerLogger */,
			);
			name = Products;
			sourceTree = "<group>";
		};
		3C5BD1811A5761CF00C5E8CA /* PowerLogger */ = {
			isa = PBXGroup;
			children = (
				3CC747901A583D0A00A332E2 /* CHCSVParser.h */,
				3CC747911A583D0A00A332E2 /* CHCSVParser.m */,
				3C5BD1821A5761CF00C5E8CA /* main.m */,
				3CC747931A583D3100A332E2 /* PowerLogger.h */,
				3CC747941A583D4500A332E2 /* PowerLogger.m */,
			);
			path = PowerLogger;
			sourceTree = "<group>";
		};
/* End PBXGroup section */

/* Begin PBXNativeTarget section */
		3C5BD17E1A5761CF00C5E8CA /* PowerLogger */ = {
			isa = PBXNativeTarget;
			buildConfigurationList = 3C5BD1861A5761CF00C5E8CA /* Build configuration list for PBXNativeTarget "PowerLogger" */;
			buildPhases = (
				3C5BD17B1A5761CF00C5E8CA /* Sources */,
				3C5BD17C1A5761CF00C5E8CA /* Frameworks */,
				3C5BD17D1A5761CF00C5E8CA /* CopyFiles */,
			);
			buildRules = (
			);
			dependencies = (
			);
			name = PowerLogger;
			productName = PowerLogger;
			productReference = 3C5BD17F1A5761CF00C5E8CA /* PowerLogger */;
			productType = "com.apple.product-type.tool";
		};
/* End PBXNativeTarget section */

/* Begin PBXProject section */
		3C5BD1771A5761CF00C5E8CA /* Project object */ = {
			isa = PBXProject;
			attributes = {
				LastUpgradeCheck = 0610;
				ORGANIZATIONNAME = "Ian Will";
				TargetAttributes = {
					3C5BD17E1A5761CF00C5E8CA = {
						CreatedOnToolsVersion = 6.1.1;
					};
				};
			};
			buildConfigurationList = 3C5BD17A1A5761CF00C5E8CA /* Build configuration list for PBXProject "PowerLogger" */;
			compatibilityVersion = "Xcode 3.2";
			developmentRegion = English;
			hasScannedForEncodings = 0;
			knownRegions = (
				en,
			);
			mainGroup = 3C5BD1761A5761CF00C5E8CA;
			productRefGroup = 3C5BD1801A5761CF00C5E8CA /* Products */;
			projectDirPath = "";
			projectRoot = "";
			targets = (
				3C5BD17E1A5761CF00C5E8CA /* PowerLogger */,
			);
		};
/* End PBXProject section */

/* Begin PBXSourcesBuildPhase section */
		3C5BD17B1A5761CF00C5E8CA /* Sources */ = {
			isa = PBXSourcesBuildPhase;
			buildActionMask = 2147483647;
			files = (
				3CC747921A583D0A00A332E2 /* CHCSVParser.m in Sources */,
				3C5BD1831A5761CF00C5E8CA /* main.m in Sources */,
				3CC747951A583D4500A332E2 /* PowerLogger.m in Sources */,
			);
			runOnlyForDeploymentPostprocessing = 0;
		};
/* End PBXSourcesBuildPhase section */

/* Begin XCBuildConfiguration section */
		3C5BD1841A5761CF00C5E8CA /* Debug */ = {
			isa = XCBuildConfiguration;
			buildSettings = {
				ALWAYS_SEARCH_USER_PATHS = NO;
				CLANG_CXX_LANGUAGE_STANDARD = "gnu++0x";
				CLANG_CXX_LIBRARY = "libc++";
				CLANG_ENABLE_MODULES = YES;
				CLANG_ENABLE_OBJC_ARC = YES;
				CLANG_WARN_BOOL_CONVERSION = YES;
				CLANG_WARN_CONSTANT_CONVERSION = YES;
				CLANG_WARN_DIRECT_OBJC_ISA_USAGE = YES_ERROR;
				CLANG_WARN_EMPTY_BODY = YES;
				CLANG_WARN_ENUM_CONVERSION = YES;
				CLANG_WARN_INT_CONVERSION = YES;
				CLANG_WARN_OBJC_ROOT_CLASS = YES_ERROR;
				CLANG_WARN_UNREACHABLE_CODE = YES;
				CLANG_WARN__DUPLICATE_METHOD_MATCH = YES;
				COPY_PHASE_STRIP = NO;
				ENABLE_STRICT_OBJC_MSGSEND = YES;
				GCC_C_LANGUAGE_STANDARD = gnu99;
				GCC_DYNAMIC_NO_PIC = NO;
				GCC_OPTIMIZATION_LEVEL = 0;
				GCC_PREPROCESSOR_DEFINITIONS = (
					"DEBUG=1",
					"$(inherited)",
				);
				GCC_SYMBOLS_PRIVATE_EXTERN = NO;
				GCC_WARN_64_TO_32_BIT_CONVERSION = YES;
				GCC_WARN_ABOUT_RETURN_TYPE = YES_ERROR;
				GCC_WARN_UNDECLARED_SELECTOR = YES;
				GCC_WARN_UNINITIALIZED_AUTOS = YES_AGGRESSIVE;
				GCC_WARN_UNUSED_FUNCTION = YES;
				GCC_WARN_UNUSED_VARIABLE = YES;
				MACOSX_DEPLOYMENT_TARGET = 10.10;
				MTL_ENABLE_DEBUG_INFO = YES;
				ONLY_ACTIVE_ARCH = YES;
				SDKROOT = macosx;
			};
			name = Debug;
		};
		3C5BD1851A5761CF00C5E8CA /* Release */ = {
			isa = XCBuildConfiguration;
			buildSettings = {
				ALWAYS_SEARCH_USER_PATHS = NO;
				CLANG_CXX_LANGUAGE_STANDARD = "gnu++0x";
				CLANG_CXX_LIBRARY = "libc++";
				CLANG_ENABLE_MODULES = YES;
				CLANG_ENABLE_OBJC_ARC = YES;
				CLANG_WARN_BOOL_CONVERSION = YES;
				CLANG_WARN_CONSTANT_CONVERSION = YES;
				CLANG_WARN_DIRECT_OBJC_ISA_USAGE = YES_ERROR;
				CLANG_WARN_EMPTY_BODY = YES;
				CLANG_WARN_ENUM_CONVERSION = YES;
				CLANG_WARN_INT_CONVERSION = YES;
				CLANG_WARN_OBJC_ROOT_CLASS = YES_ERROR;
				CLANG_WARN_UNREACHABLE_CODE = YES;
				CLANG_WARN__DUPLICATE_METHOD_MATCH = YES;
				COPY_PHASE_STRIP = YES;
				DEBUG_INFORMATION_FORMAT = "dwarf-with-dsym";
				ENABLE_NS_ASSERTIONS = NO;
				ENABLE_STRICT_OBJC_MSGSEND = YES;
				GCC_C_LANGUAGE_STANDARD = gnu99;
				GCC_WARN_64_TO_32_BIT_CONVERSION = YES;
				GCC_WARN_ABOUT_RETURN_TYPE = YES_ERROR;
				GCC_WARN_UNDECLARED_SELECTOR = YES;
				GCC_WARN_UNINITIALIZED_AUTOS = YES_AGGRESSIVE;
				GCC_WARN_UNUSED_FUNCTION = YES;
				GCC_WARN_UNUSED_VARIABLE = YES;
				MACOSX_DEPLOYMENT_TARGET = 10.10;
				MTL_ENABLE_DEBUG_INFO = NO;
				SDKROOT = macosx;
			};
			name = Release;
		};
		3C5BD1871A5761CF00C5E8CA /* Debug */ = {
			isa = XCBuildConfiguration;
			buildSettings = {
				PRODUCT_NAME = "$(TARGET_NAME)";
			};
			name = Debug;
		};
		3C5BD1881A5761CF00C5E8CA /* Release */ = {
			isa = XCBuildConfiguration;
			buildSettings = {
				PRODUCT_NAME = "$(TARGET_NAME)";
			};
			name = Release;
		};
/* End XCBuildConfiguration section */

/* Begin XCConfigurationList section */
		3C5BD17A1A5761CF00C5E8CA /* Build configuration list for PBXProject "PowerLogger" */ = {
			isa = XCConfigurationList;
			buildConfigurations = (
				3C5BD1841A5761CF00C5E8CA /* Debug */,
				3C5BD1851A5761CF00C5E8CA /* Release */,
			);
			defaultConfigurationIsVisible = 0;
			defaultConfigurationName = Release;
		};
		3C5BD1861A5761CF00C5E8CA /* Build configuration list for PBXNativeTarget "PowerLogger" */ = {
			isa = XCConfigurationList;
			buildConfigurations = (
				3C5BD1871A5761CF00C5E8CA /* Debug */,
				3C5BD1881A5761CF00C5E8CA /* Release */,
			);
			defaultConfigurationIsVisible = 0;
			defaultConfigurationName = Release;
		};
/* End XCConfigurationList section */
	};
	rootObject = 3C5BD1771A5761CF00C5E8CA /* Project object */;
}
